
Microsoft Visual Studio Solution File, Format Version 12.00
# Visual Studio Version 17
VisualStudioVersion = 17.7.34024.191
MinimumVisualStudioVersion = 10.0.40219.1
Project("{9A19103F-16F7-4668-BE54-9A1E7A4F7556}") = "Cryville.Interop.Java", "Cryville.Interop.Java\Cryville.Interop.Java.csproj", "{732D2E53-A57A-4143-9A7B-A763D2E8B9B4}"
EndProject
Project("{FAE04EC0-301F-11D3-BF4B-00C04F79EFBC}") = "Cryville.Interop.Java.Unity", "Cryville.Interop.Java.Unity\Cryville.Interop.Java.Unity.csproj", "{380C6BEF-C917-49DC-B0D6-D6ABDC9D853B}"
EndProject
Project("{9A19103F-16F7-4668-BE54-9A1E7A4F7556}") = "Cryville.Interop.Java.Xamarin", "Cryville.Interop.Java.Xamarin\Cryville.Interop.Java.Xamarin.csproj", "{57256ABD-B613-4BFA-9ECE-B40C43838B08}"
EndProject
Project("{9A19103F-16F7-4668-BE54-9A1E7A4F7556}") = "Cryville.Interop.Java.ObjectStream", "Cryville.Interop.Java.ObjectStream\Cryville.Interop.Java.ObjectStream.csproj", "{730CB62E-9621-4100-843C-E8E0C0D79EC2}"
EndProject
Global
	GlobalSection(SolutionConfigurationPlatforms) = preSolution
		Debug|Any CPU = Debug|Any CPU
		Release|Any CPU = Release|Any CPU
	EndGlobalSection
	GlobalSection(ProjectConfigurationPlatforms) = postSolution
		{732D2E53-A57A-4143-9A7B-A763D2E8B9B4}.Debug|Any CPU.ActiveCfg = Debug|Any CPU
		{732D2E53-A57A-4143-9A7B-A763D2E8B9B4}.Debug|Any CPU.Build.0 = Debug|Any CPU
		{732D2E53-A57A-4143-9A7B-A763D2E8B9B4}.Release|Any CPU.ActiveCfg = Release|Any CPU
		{732D2E53-A57A-4143-9A7B-A763D2E8B9B4}.Release|Any CPU.Build.0 = Release|Any CPU
		{380C6BEF-C917-49DC-B0D6-D6ABDC9D853B}.Debug|Any CPU.ActiveCfg = Debug|Any CPU
		{380C6BEF-C917-49DC-B0D6-D6ABDC9D853B}.Release|Any CPU.ActiveCfg = Release|Any CPU
		{57256ABD-B613-4BFA-9ECE-B40C43838B08}.Debug|Any CPU.ActiveCfg = Debug|Any CPU
		{57256ABD-B613-4BFA-9ECE-B40C43838B08}.Debug|Any CPU.Build.0 = Debug|Any CPU
		{57256ABD-B613-4BFA-9ECE-B40C43838B08}.Release|Any CPU.ActiveCfg = Release|Any CPU
		{57256ABD-B613-4BFA-9ECE-B40C43838B08}.Release|Any CPU.Build.0 = Release|Any CPU
		{730CB62E-9621-4100-843C-E8E0C0D79EC2}.Debug|Any CPU.ActiveCfg = Debug|Any CPU
		{730CB62E-9621-4100-843C-E8E0C0D79EC2}.Debug|Any CPU.Build.0 = Debug|Any CPU
		{730CB62E-9621-4100-843C-E8E0C0D79EC2}.Release|Any CPU.ActiveCfg = Release|Any CPU
		{730CB62E-9621-4100-843C-E8E0C0D79EC2}.Release|Any CPU.Build.0 = Release|Any CPU
	EndGlobalSection
	GlobalSection(SolutionProperties) = preSolution
		HideSolutionNode = FALSE
	EndGlobalSection
	GlobalSection(ExtensibilityGlobals) = postSolution
		SolutionGuid = {17807813-F3D9-4102-9D67-75011C7C37FA}
	EndGlobalSection
EndGlobal
